
Microsoft Visual Studio Solution File, Format Version 12.00
# Visual Studio 15
VisualStudioVersion = 15.0.28307.645
MinimumVisualStudioVersion = 10.0.40219.1
Project("{F184B08F-C81C-45F6-A57F-5ABD9991F28F}") = "Test1", "Test1\Test1.vbproj", "{EC7E6C20-A8E2-4307-A79A-C27D4C3F93B7}"
EndProject
Global
	GlobalSection(SolutionConfigurationPlatforms) = preSolution
		Debug|Any CPU = Debug|Any CPU
		Release|Any CPU = Release|Any CPU
	EndGlobalSection
	GlobalSection(ProjectConfigurationPlatforms) = postSolution
		{EC7E6C20-A8E2-4307-A79A-C27D4C3F93B7}.Debug|Any CPU.ActiveCfg = Debug|Any CPU
		{EC7E6C20-A8E2-4307-A79A-C27D4C3F93B7}.Debug|Any CPU.Build.0 = Debug|Any CPU
		{EC7E6C20-A8E2-4307-A79A-C27D4C3F93B7}.Release|Any CPU.ActiveCfg = Release|Any CPU
		{EC7E6C20-A8E2-4307-A79A-C27D4C3F93B7}.Release|Any CPU.Build.0 = Release|Any CPU
	EndGlobalSection
	GlobalSection(SolutionProperties) = preSolution
		HideSolutionNode = FALSE
	EndGlobalSection
	GlobalSection(ExtensibilityGlobals) = postSolution
		SolutionGuid = {3BF7FDB1-E0BF-4E30-8F09-32DC1457F97C}
	EndGlobalSection
EndGlobal
